{
  "requires": true,
  "lockfileVersion": 1,
  "dependencies": {
    "factorio-blueprint": {
      "version": "2.3.0",
      "resolved": "https://registry.npmjs.org/factorio-blueprint/-/factorio-blueprint-2.3.0.tgz",
      "integrity": "sha512-MjI4IMdgpU8p67NTLG1p+Sdgj88PDvpYboGfHTLczrAOVgz3+VXZzb9BKhhYKFdSyCTm0IDKpEFy/xuGkJFWXg=="
    }
  }
}
