{
  "requires": true,
  "lockfileVersion": 1,
  "dependencies": {
    "factorio-blueprint": {
      "version": "2.2.1",
      "resolved": "https://registry.npmjs.org/factorio-blueprint/-/factorio-blueprint-2.2.1.tgz",
      "integrity": "sha512-WXu72NqwQRsrJY7VTubYhaY9QUAppLakIbouICsmbhWFXPhw6nrnwzb59tgfo2+Q79IMi32i/kAR4C5Qxw6I9w=="
    }
  }
}
